
Microsoft Visual Studio Solution File, Format Version 12.00
# Visual Studio Version 16
VisualStudioVersion = 16.0.33423.256
MinimumVisualStudioVersion = 10.0.40219.1
Project("{FAE04EC0-301F-11D3-BF4B-00C04F79EFBC}") = "EmployeeDetailsForm", "EmployeeDetailsForm.csproj", "{131A9DB1-DB7F-42D1-B922-8C261C419565}"
EndProject
Global
	GlobalSection(SolutionConfigurationPlatforms) = preSolution
		Debug|Any CPU = Debug|Any CPU
		Release|Any CPU = Release|Any CPU
	EndGlobalSection
	GlobalSection(ProjectConfigurationPlatforms) = postSolution
		{131A9DB1-DB7F-42D1-B922-8C261C419565}.Debug|Any CPU.ActiveCfg = Debug|Any CPU
		{131A9DB1-DB7F-42D1-B922-8C261C419565}.Debug|Any CPU.Build.0 = Debug|Any CPU
		{131A9DB1-DB7F-42D1-B922-8C261C419565}.Release|Any CPU.ActiveCfg = Release|Any CPU
		{131A9DB1-DB7F-42D1-B922-8C261C419565}.Release|Any CPU.Build.0 = Release|Any CPU
	EndGlobalSection
	GlobalSection(SolutionProperties) = preSolution
		HideSolutionNode = FALSE
	EndGlobalSection
	GlobalSection(ExtensibilityGlobals) = postSolution
		SolutionGuid = {A39B3118-A3CB-4638-BDFA-3747953F2ADE}
	EndGlobalSection
EndGlobal
